{
  "requires": true,
  "lockfileVersion": 1,
  "dependencies": {
    "chain-lexer": {
      "version": "1.8.0",
      "resolved": "https://registry.npmjs.org/chain-lexer/-/chain-lexer-1.8.0.tgz",
      "integrity": "sha512-q0aJxohZBHvSXm6Uz47wzw3KF1iA+42atIcq50Z5NLYBmzXLRFPXZIc3RbeLlI2epJ+P/GDW9mRdUCTf4TLxUg=="
    }
  }
}
